
Microsoft Visual Studio Solution File, Format Version 12.00
# Visual Studio 2012
Project("{FAE04EC0-301F-11D3-BF4B-00C04F79EFBC}") = "Nop.Plugin.Tax.FixedRate", "Nop.Plugin.Tax.FixedRate.csproj", "{60E882EA-9ACB-4EFE-82A0-8FB1F5884B04}"
EndProject
Project("{2150E333-8FDC-42A3-9474-1A3956D46DE8}") = "Libraries", "Libraries", "{ABA0163B-4504-49AA-8AB1-922D84B2C6B8}"
EndProject
Project("{FAE04EC0-301F-11D3-BF4B-00C04F79EFBC}") = "Nop.Core", "..\Framework\Libraries\Nop.Core\Nop.Core.csproj", "{6BDA8332-939F-45B7-A25E-7A797260AE59}"
EndProject
Project("{FAE04EC0-301F-11D3-BF4B-00C04F79EFBC}") = "Nop.Data", "..\Framework\Libraries\Nop.Data\Nop.Data.csproj", "{CCD7F2C9-6A2C-4CF0-8E89-076B8FC0F144}"
EndProject
Project("{FAE04EC0-301F-11D3-BF4B-00C04F79EFBC}") = "Nop.Services", "..\Framework\Libraries\Nop.Services\Nop.Services.csproj", "{210541AD-F659-47DA-8763-16F36C5CD2F4}"
EndProject
Project("{2150E333-8FDC-42A3-9474-1A3956D46DE8}") = "Presentation", "Presentation", "{5CC0952E-BA52-4864-A141-C7C94634A912}"
EndProject
Project("{FAE04EC0-301F-11D3-BF4B-00C04F79EFBC}") = "Nop.Web.Framework", "..\Framework\Presentation\Nop.Web.Framework\Nop.Web.Framework.csproj", "{75FD4163-333C-4DD5-854D-2EF294E45D94}"
EndProject
Global
	GlobalSection(SolutionConfigurationPlatforms) = preSolution
		Debug|Any CPU = Debug|Any CPU
		Release|Any CPU = Release|Any CPU
	EndGlobalSection
	GlobalSection(ProjectConfigurationPlatforms) = postSolution
		{60E882EA-9ACB-4EFE-82A0-8FB1F5884B04}.Debug|Any CPU.ActiveCfg = Debug|Any CPU
		{60E882EA-9ACB-4EFE-82A0-8FB1F5884B04}.Debug|Any CPU.Build.0 = Debug|Any CPU
		{60E882EA-9ACB-4EFE-82A0-8FB1F5884B04}.Release|Any CPU.ActiveCfg = Release|Any CPU
		{60E882EA-9ACB-4EFE-82A0-8FB1F5884B04}.Release|Any CPU.Build.0 = Release|Any CPU
		{6BDA8332-939F-45B7-A25E-7A797260AE59}.Debug|Any CPU.ActiveCfg = Debug|Any CPU
		{6BDA8332-939F-45B7-A25E-7A797260AE59}.Debug|Any CPU.Build.0 = Debug|Any CPU
		{6BDA8332-939F-45B7-A25E-7A797260AE59}.Release|Any CPU.ActiveCfg = Release|Any CPU
		{6BDA8332-939F-45B7-A25E-7A797260AE59}.Release|Any CPU.Build.0 = Release|Any CPU
		{CCD7F2C9-6A2C-4CF0-8E89-076B8FC0F144}.Debug|Any CPU.ActiveCfg = Debug|Any CPU
		{CCD7F2C9-6A2C-4CF0-8E89-076B8FC0F144}.Debug|Any CPU.Build.0 = Debug|Any CPU
		{CCD7F2C9-6A2C-4CF0-8E89-076B8FC0F144}.Release|Any CPU.ActiveCfg = Release|Any CPU
		{CCD7F2C9-6A2C-4CF0-8E89-076B8FC0F144}.Release|Any CPU.Build.0 = Release|Any CPU
		{210541AD-F659-47DA-8763-16F36C5CD2F4}.Debug|Any CPU.ActiveCfg = Debug|Any CPU
		{210541AD-F659-47DA-8763-16F36C5CD2F4}.Debug|Any CPU.Build.0 = Debug|Any CPU
		{210541AD-F659-47DA-8763-16F36C5CD2F4}.Release|Any CPU.ActiveCfg = Release|Any CPU
		{210541AD-F659-47DA-8763-16F36C5CD2F4}.Release|Any CPU.Build.0 = Release|Any CPU
		{75FD4163-333C-4DD5-854D-2EF294E45D94}.Debug|Any CPU.ActiveCfg = Debug|Any CPU
		{75FD4163-333C-4DD5-854D-2EF294E45D94}.Debug|Any CPU.Build.0 = Debug|Any CPU
		{75FD4163-333C-4DD5-854D-2EF294E45D94}.Release|Any CPU.ActiveCfg = Release|Any CPU
		{75FD4163-333C-4DD5-854D-2EF294E45D94}.Release|Any CPU.Build.0 = Release|Any CPU
	EndGlobalSection
	GlobalSection(SolutionProperties) = preSolution
		HideSolutionNode = FALSE
	EndGlobalSection
	GlobalSection(NestedProjects) = preSolution
		{6BDA8332-939F-45B7-A25E-7A797260AE59} = {ABA0163B-4504-49AA-8AB1-922D84B2C6B8}
		{CCD7F2C9-6A2C-4CF0-8E89-076B8FC0F144} = {ABA0163B-4504-49AA-8AB1-922D84B2C6B8}
		{210541AD-F659-47DA-8763-16F36C5CD2F4} = {ABA0163B-4504-49AA-8AB1-922D84B2C6B8}
		{75FD4163-333C-4DD5-854D-2EF294E45D94} = {5CC0952E-BA52-4864-A141-C7C94634A912}
	EndGlobalSection
EndGlobal
